// !$*UTF8*$!
{
	archiveVersion = 1;
	classes = {
	};
	objectVersion = 50;
	objects = {

/* Begin PBXBuildFile section */
		D429CA5424433133006E710F /* MapView.swift in Sources */ = {isa = PBXBuildFile; fileRef = D429CA5324433133006E710F /* MapView.swift */; };
		D44895212445B1A200F53F86 /* ContentView.swift in Sources */ = {isa = PBXBuildFile; fileRef = D44895202445B1A200F53F86 /* ContentView.swift */; };
		D44895232445B25900F53F86 /* Data.swift in Sources */ = {isa = PBXBuildFile; fileRef = D44895222445B25900F53F86 /* Data.swift */; };
		D467C15224431A5A00F0985A /* AppDelegate.swift in Sources */ = {isa = PBXBuildFile; fileRef = D467C15124431A5A00F0985A /* AppDelegate.swift */; };
		D467C15424431A5A00F0985A /* SceneDelegate.swift in Sources */ = {isa = PBXBuildFile; fileRef = D467C15324431A5A00F0985A /* SceneDelegate.swift */; };
		D467C15624431A5A00F0985A /* LandmarkDetail.swift in Sources */ = {isa = PBXBuildFile; fileRef = D467C15524431A5A00F0985A /* LandmarkDetail.swift */; };
		D467C15824431A5C00F0985A /* Assets.xcassets in Resources */ = {isa = PBXBuildFile; fileRef = D467C15724431A5C00F0985A /* Assets.xcassets */; };
		D467C15B24431A5C00F0985A /* Preview Assets.xcassets in Resources */ = {isa = PBXBuildFile; fileRef = D467C15A24431A5C00F0985A /* Preview Assets.xcassets */; };
		D467C15E24431A5C00F0985A /* LaunchScreen.storyboard in Resources */ = {isa = PBXBuildFile; fileRef = D467C15C24431A5C00F0985A /* LaunchScreen.storyboard */; };
		D46E846C244322420025C0F3 /* CircleImage.swift in Sources */ = {isa = PBXBuildFile; fileRef = D46E846B244322420025C0F3 /* CircleImage.swift */; };
		D474A8D22445AE2E0037EC37 /* Landmark.swift in Sources */ = {isa = PBXBuildFile; fileRef = D474A8D12445AE2E0037EC37 /* Landmark.swift */; };
		D47A25F82445B5ED00BC71AE /* turtlerock.jpg in Resources */ = {isa = PBXBuildFile; fileRef = D47A25EB2445B5ED00BC71AE /* turtlerock.jpg */; };
		D47A25F92445B5ED00BC71AE /* silversalmoncreek.jpg in Resources */ = {isa = PBXBuildFile; fileRef = D47A25EC2445B5ED00BC71AE /* silversalmoncreek.jpg */; };
		D47A25FA2445B5ED00BC71AE /* icybay.jpg in Resources */ = {isa = PBXBuildFile; fileRef = D47A25ED2445B5ED00BC71AE /* icybay.jpg */; };
		D47A25FB2445B5ED00BC71AE /* lakemcdonald.jpg in Resources */ = {isa = PBXBuildFile; fileRef = D47A25EE2445B5ED00BC71AE /* lakemcdonald.jpg */; };
		D47A25FC2445B5ED00BC71AE /* hiddenlake.jpg in Resources */ = {isa = PBXBuildFile; fileRef = D47A25EF2445B5ED00BC71AE /* hiddenlake.jpg */; };
		D47A25FD2445B5ED00BC71AE /* twinlake.jpg in Resources */ = {isa = PBXBuildFile; fileRef = D47A25F02445B5ED00BC71AE /* twinlake.jpg */; };
		D47A25FE2445B5ED00BC71AE /* umbagog.jpg in Resources */ = {isa = PBXBuildFile; fileRef = D47A25F12445B5ED00BC71AE /* umbagog.jpg */; };
		D47A25FF2445B5ED00BC71AE /* landmarkData.json in Resources */ = {isa = PBXBuildFile; fileRef = D47A25F22445B5ED00BC71AE /* landmarkData.json */; };
		D47A26002445B5ED00BC71AE /* chincoteague.jpg in Resources */ = {isa = PBXBuildFile; fileRef = D47A25F32445B5ED00BC71AE /* chincoteague.jpg */; };
		D47A26012445B5ED00BC71AE /* yukon_charleyrivers.jpg in Resources */ = {isa = PBXBuildFile; fileRef = D47A25F42445B5ED00BC71AE /* yukon_charleyrivers.jpg */; };
		D47A26022445B5ED00BC71AE /* stmarylake.jpg in Resources */ = {isa = PBXBuildFile; fileRef = D47A25F52445B5ED00BC71AE /* stmarylake.jpg */; };
		D47A26032445B5ED00BC71AE /* chilkoottrail.jpg in Resources */ = {isa = PBXBuildFile; fileRef = D47A25F62445B5ED00BC71AE /* chilkoottrail.jpg */; };
		D47A26042445B5ED00BC71AE /* rainbowlake.jpg in Resources */ = {isa = PBXBuildFile; fileRef = D47A25F72445B5ED00BC71AE /* rainbowlake.jpg */; };
		D47A26062445B78500BC71AE /* LandmarkList.swift in Sources */ = {isa = PBXBuildFile; fileRef = D47A26052445B78500BC71AE /* LandmarkList.swift */; };
		D4DA9EFE2445B3CD00C8A30F /* LandmarkRow.swift in Sources */ = {isa = PBXBuildFile; fileRef = D4DA9EFD2445B3CD00C8A30F /* LandmarkRow.swift */; };
/* End PBXBuildFile section */

/* Begin PBXFileReference section */
		D429CA5324433133006E710F /* MapView.swift */ = {isa = PBXFileReference; lastKnownFileType = sourcecode.swift; path = MapView.swift; sourceTree = "<group>"; };
		D44895202445B1A200F53F86 /* ContentView.swift */ = {isa = PBXFileReference; lastKnownFileType = sourcecode.swift; path = ContentView.swift; sourceTree = "<group>"; };
		D44895222445B25900F53F86 /* Data.swift */ = {isa = PBXFileReference; lastKnownFileType = sourcecode.swift; path = Data.swift; sourceTree = "<group>"; };
		D467C14E24431A5A00F0985A /* LandMark.app */ = {isa = PBXFileReference; explicitFileType = wrapper.application; includeInIndex = 0; path = LandMark.app; sourceTree = BUILT_PRODUCTS_DIR; };
		D467C15124431A5A00F0985A /* AppDelegate.swift */ = {isa = PBXFileReference; lastKnownFileType = sourcecode.swift; path = AppDelegate.swift; sourceTree = "<group>"; };
		D467C15324431A5A00F0985A /* SceneDelegate.swift */ = {isa = PBXFileReference; lastKnownFileType = sourcecode.swift; path = SceneDelegate.swift; sourceTree = "<group>"; };
		D467C15524431A5A00F0985A /* LandmarkDetail.swift */ = {isa = PBXFileReference; lastKnownFileType = sourcecode.swift; path = LandmarkDetail.swift; sourceTree = "<group>"; };
		D467C15724431A5C00F0985A /* Assets.xcassets */ = {isa = PBXFileReference; lastKnownFileType = folder.assetcatalog; path = Assets.xcassets; sourceTree = "<group>"; };
		D467C15A24431A5C00F0985A /* Preview Assets.xcassets */ = {isa = PBXFileReference; lastKnownFileType = folder.assetcatalog; path = "Preview Assets.xcassets"; sourceTree = "<group>"; };
		D467C15D24431A5C00F0985A /* Base */ = {isa = PBXFileReference; lastKnownFileType = file.storyboard; name = Base; path = Base.lproj/LaunchScreen.storyboard; sourceTree = "<group>"; };
		D467C15F24431A5C00F0985A /* Info.plist */ = {isa = PBXFileReference; lastKnownFileType = text.plist.xml; path = Info.plist; sourceTree = "<group>"; };
		D46E846B244322420025C0F3 /* CircleImage.swift */ = {isa = PBXFileReference; lastKnownFileType = sourcecode.swift; path = CircleImage.swift; sourceTree = "<group>"; };
		D474A8D12445AE2E0037EC37 /* Landmark.swift */ = {isa = PBXFileReference; lastKnownFileType = sourcecode.swift; path = Landmark.swift; sourceTree = "<group>"; };
		D47A25EB2445B5ED00BC71AE /* turtlerock.jpg */ = {isa = PBXFileReference; lastKnownFileType = image.jpeg; path = turtlerock.jpg; sourceTree = "<group>"; };
		D47A25EC2445B5ED00BC71AE /* silversalmoncreek.jpg */ = {isa = PBXFileReference; lastKnownFileType = image.jpeg; path = silversalmoncreek.jpg; sourceTree = "<group>"; };
		D47A25ED2445B5ED00BC71AE /* icybay.jpg */ = {isa = PBXFileReference; lastKnownFileType = image.jpeg; path = icybay.jpg; sourceTree = "<group>"; };
		D47A25EE2445B5ED00BC71AE /* lakemcdonald.jpg */ = {isa = PBXFileReference; lastKnownFileType = image.jpeg; path = lakemcdonald.jpg; sourceTree = "<group>"; };
		D47A25EF2445B5ED00BC71AE /* hiddenlake.jpg */ = {isa = PBXFileReference; lastKnownFileType = image.jpeg; path = hiddenlake.jpg; sourceTree = "<group>"; };
		D47A25F02445B5ED00BC71AE /* twinlake.jpg */ = {isa = PBXFileReference; lastKnownFileType = image.jpeg; path = twinlake.jpg; sourceTree = "<group>"; };
		D47A25F12445B5ED00BC71AE /* umbagog.jpg */ = {isa = PBXFileReference; lastKnownFileType = image.jpeg; path = umbagog.jpg; sourceTree = "<group>"; };
		D47A25F22445B5ED00BC71AE /* landmarkData.json */ = {isa = PBXFileReference; fileEncoding = 4; lastKnownFileType = text.json; path = landmarkData.json; sourceTree = "<group>"; };
		D47A25F32445B5ED00BC71AE /* chincoteague.jpg */ = {isa = PBXFileReference; lastKnownFileType = image.jpeg; path = chincoteague.jpg; sourceTree = "<group>"; };
		D47A25F42445B5ED00BC71AE /* yukon_charleyrivers.jpg */ = {isa = PBXFileReference; lastKnownFileType = image.jpeg; path = yukon_charleyrivers.jpg; sourceTree = "<group>"; };
		D47A25F52445B5ED00BC71AE /* stmarylake.jpg */ = {isa = PBXFileReference; lastKnownFileType = image.jpeg; path = stmarylake.jpg; sourceTree = "<group>"; };
		D47A25F62445B5ED00BC71AE /* chilkoottrail.jpg */ = {isa = PBXFileReference; lastKnownFileType = image.jpeg; path = chilkoottrail.jpg; sourceTree = "<group>"; };
		D47A25F72445B5ED00BC71AE /* rainbowlake.jpg */ = {isa = PBXFileReference; lastKnownFileType = image.jpeg; path = rainbowlake.jpg; sourceTree = "<group>"; };
		D47A26052445B78500BC71AE /* LandmarkList.swift */ = {isa = PBXFileReference; lastKnownFileType = sourcecode.swift; path = LandmarkList.swift; sourceTree = "<group>"; };
		D4DA9EFD2445B3CD00C8A30F /* LandmarkRow.swift */ = {isa = PBXFileReference; lastKnownFileType = sourcecode.swift; path = LandmarkRow.swift; sourceTree = "<group>"; };
/* End PBXFileReference section */

/* Begin PBXFrameworksBuildPhase section */
		D467C14B24431A5A00F0985A /* Frameworks */ = {
			isa = PBXFrameworksBuildPhase;
			buildActionMask = 2147483647;
			files = (
			);
			runOnlyForDeploymentPostprocessing = 0;
		};
/* End PBXFrameworksBuildPhase section */

/* Begin PBXGroup section */
		D467C14524431A5A00F0985A = {
			isa = PBXGroup;
			children = (
				D467C15024431A5A00F0985A /* LandMark */,
				D467C14F24431A5A00F0985A /* Products */,
			);
			sourceTree = "<group>";
		};
		D467C14F24431A5A00F0985A /* Products */ = {
			isa = PBXGroup;
			children = (
				D467C14E24431A5A00F0985A /* LandMark.app */,
			);
			name = Products;
			sourceTree = "<group>";
		};
		D467C15024431A5A00F0985A /* LandMark */ = {
			isa = PBXGroup;
			children = (
				D47A25EA2445B5ED00BC71AE /* Resources */,
				D474A8D02445AE140037EC37 /* Models */,
				D467C15124431A5A00F0985A /* AppDelegate.swift */,
				D467C15324431A5A00F0985A /* SceneDelegate.swift */,
				D467C15524431A5A00F0985A /* LandmarkDetail.swift */,
				D467C15724431A5C00F0985A /* Assets.xcassets */,
				D467C15C24431A5C00F0985A /* LaunchScreen.storyboard */,
				D467C15F24431A5C00F0985A /* Info.plist */,
				D467C15924431A5C00F0985A /* Preview Content */,
				D46E846B244322420025C0F3 /* CircleImage.swift */,
				D429CA5324433133006E710F /* MapView.swift */,
				D44895202445B1A200F53F86 /* ContentView.swift */,
				D4DA9EFD2445B3CD00C8A30F /* LandmarkRow.swift */,
				D47A26052445B78500BC71AE /* LandmarkList.swift */,
			);
			path = LandMark;
			sourceTree = "<group>";
		};
		D467C15924431A5C00F0985A /* Preview Content */ = {
			isa = PBXGroup;
			children = (
				D467C15A24431A5C00F0985A /* Preview Assets.xcassets */,
			);
			path = "Preview Content";
			sourceTree = "<group>";
		};
		D474A8D02445AE140037EC37 /* Models */ = {
			isa = PBXGroup;
			children = (
				D474A8D12445AE2E0037EC37 /* Landmark.swift */,
				D44895222445B25900F53F86 /* Data.swift */,
			);
			path = Models;
			sourceTree = "<group>";
		};
		D47A25EA2445B5ED00BC71AE /* Resources */ = {
			isa = PBXGroup;
			children = (
				D47A25EB2445B5ED00BC71AE /* turtlerock.jpg */,
				D47A25EC2445B5ED00BC71AE /* silversalmoncreek.jpg */,
				D47A25ED2445B5ED00BC71AE /* icybay.jpg */,
				D47A25EE2445B5ED00BC71AE /* lakemcdonald.jpg */,
				D47A25EF2445B5ED00BC71AE /* hiddenlake.jpg */,
				D47A25F02445B5ED00BC71AE /* twinlake.jpg */,
				D47A25F12445B5ED00BC71AE /* umbagog.jpg */,
				D47A25F22445B5ED00BC71AE /* landmarkData.json */,
				D47A25F32445B5ED00BC71AE /* chincoteague.jpg */,
				D47A25F42445B5ED00BC71AE /* yukon_charleyrivers.jpg */,
				D47A25F52445B5ED00BC71AE /* stmarylake.jpg */,
				D47A25F62445B5ED00BC71AE /* chilkoottrail.jpg */,
				D47A25F72445B5ED00BC71AE /* rainbowlake.jpg */,
			);
			path = Resources;
			sourceTree = "<group>";
		};
/* End PBXGroup section */

/* Begin PBXNativeTarget section */
		D467C14D24431A5A00F0985A /* LandMark */ = {
			isa = PBXNativeTarget;
			buildConfigurationList = D467C16224431A5C00F0985A /* Build configuration list for PBXNativeTarget "LandMark" */;
			buildPhases = (
				D467C14A24431A5A00F0985A /* Sources */,
				D467C14B24431A5A00F0985A /* Frameworks */,
				D467C14C24431A5A00F0985A /* Resources */,
			);
			buildRules = (
			);
			dependencies = (
			);
			name = LandMark;
			productName = LandMark;
			productReference = D467C14E24431A5A00F0985A /* LandMark.app */;
			productType = "com.apple.product-type.application";
		};
/* End PBXNativeTarget section */

/* Begin PBXProject section */
		D467C14624431A5A00F0985A /* Project object */ = {
			isa = PBXProject;
			attributes = {
				LastSwiftUpdateCheck = 1120;
				LastUpgradeCheck = 1120;
				ORGANIZATIONNAME = "Le Minh Khoi";
				TargetAttributes = {
					D467C14D24431A5A00F0985A = {
						CreatedOnToolsVersion = 11.2;
					};
				};
			};
			buildConfigurationList = D467C14924431A5A00F0985A /* Build configuration list for PBXProject "LandMark" */;
			compatibilityVersion = "Xcode 9.3";
			developmentRegion = en;
			hasScannedForEncodings = 0;
			knownRegions = (
				en,
				Base,
			);
			mainGroup = D467C14524431A5A00F0985A;
			productRefGroup = D467C14F24431A5A00F0985A /* Products */;
			projectDirPath = "";
			projectRoot = "";
			targets = (
				D467C14D24431A5A00F0985A /* LandMark */,
			);
		};
/* End PBXProject section */

/* Begin PBXResourcesBuildPhase section */
		D467C14C24431A5A00F0985A /* Resources */ = {
			isa = PBXResourcesBuildPhase;
			buildActionMask = 2147483647;
			files = (
				D47A25FB2445B5ED00BC71AE /* lakemcdonald.jpg in Resources */,
				D47A25F92445B5ED00BC71AE /* silversalmoncreek.jpg in Resources */,
				D47A25FF2445B5ED00BC71AE /* landmarkData.json in Resources */,
				D47A25F82445B5ED00BC71AE /* turtlerock.jpg in Resources */,
				D467C15E24431A5C00F0985A /* LaunchScreen.storyboard in Resources */,
				D47A25FE2445B5ED00BC71AE /* umbagog.jpg in Resources */,
				D47A26022445B5ED00BC71AE /* stmarylake.jpg in Resources */,
				D47A26002445B5ED00BC71AE /* chincoteague.jpg in Resources */,
				D467C15B24431A5C00F0985A /* Preview Assets.xcassets in Resources */,
				D47A25FA2445B5ED00BC71AE /* icybay.jpg in Resources */,
				D47A25FD2445B5ED00BC71AE /* twinlake.jpg in Resources */,
				D47A25FC2445B5ED00BC71AE /* hiddenlake.jpg in Resources */,
				D467C15824431A5C00F0985A /* Assets.xcassets in Resources */,
				D47A26042445B5ED00BC71AE /* rainbowlake.jpg in Resources */,
				D47A26032445B5ED00BC71AE /* chilkoottrail.jpg in Resources */,
				D47A26012445B5ED00BC71AE /* yukon_charleyrivers.jpg in Resources */,
			);
			runOnlyForDeploymentPostprocessing = 0;
		};
/* End PBXResourcesBuildPhase section */

/* Begin PBXSourcesBuildPhase section */
		D467C14A24431A5A00F0985A /* Sources */ = {
			isa = PBXSourcesBuildPhase;
			buildActionMask = 2147483647;
			files = (
				D467C15224431A5A00F0985A /* AppDelegate.swift in Sources */,
				D46E846C244322420025C0F3 /* CircleImage.swift in Sources */,
				D44895212445B1A200F53F86 /* ContentView.swift in Sources */,
				D429CA5424433133006E710F /* MapView.swift in Sources */,
				D467C15424431A5A00F0985A /* SceneDelegate.swift in Sources */,
				D467C15624431A5A00F0985A /* LandmarkDetail.swift in Sources */,
				D474A8D22445AE2E0037EC37 /* Landmark.swift in Sources */,
				D44895232445B25900F53F86 /* Data.swift in Sources */,
				D4DA9EFE2445B3CD00C8A30F /* LandmarkRow.swift in Sources */,
				D47A26062445B78500BC71AE /* LandmarkList.swift in Sources */,
			);
			runOnlyForDeploymentPostprocessing = 0;
		};
/* End PBXSourcesBuildPhase section */

/* Begin PBXVariantGroup section */
		D467C15C24431A5C00F0985A /* LaunchScreen.storyboard */ = {
			isa = PBXVariantGroup;
			children = (
				D467C15D24431A5C00F0985A /* Base */,
			);
			name = LaunchScreen.storyboard;
			sourceTree = "<group>";
		};
/* End PBXVariantGroup section */

/* Begin XCBuildConfiguration section */
		D467C16024431A5C00F0985A /* Debug */ = {
			isa = XCBuildConfiguration;
			buildSettings = {
				ALWAYS_SEARCH_USER_PATHS = NO;
				CLANG_ANALYZER_NONNULL = YES;
				CLANG_ANALYZER_NUMBER_OBJECT_CONVERSION = YES_AGGRESSIVE;
				CLANG_CXX_LANGUAGE_STANDARD = "gnu++14";
				CLANG_CXX_LIBRARY = "libc++";
				CLANG_ENABLE_MODULES = YES;
				CLANG_ENABLE_OBJC_ARC = YES;
				CLANG_ENABLE_OBJC_WEAK = YES;
				CLANG_WARN_BLOCK_CAPTURE_AUTORELEASING = YES;
				CLANG_WARN_BOOL_CONVERSION = YES;
				CLANG_WARN_COMMA = YES;
				CLANG_WARN_CONSTANT_CONVERSION = YES;
				CLANG_WARN_DEPRECATED_OBJC_IMPLEMENTATIONS = YES;
				CLANG_WARN_DIRECT_OBJC_ISA_USAGE = YES_ERROR;
				CLANG_WARN_DOCUMENTATION_COMMENTS = YES;
				CLANG_WARN_EMPTY_BODY = YES;
				CLANG_WARN_ENUM_CONVERSION = YES;
				CLANG_WARN_INFINITE_RECURSION = YES;
				CLANG_WARN_INT_CONVERSION = YES;
				CLANG_WARN_NON_LITERAL_NULL_CONVERSION = YES;
				CLANG_WARN_OBJC_IMPLICIT_RETAIN_SELF = YES;
				CLANG_WARN_OBJC_LITERAL_CONVERSION = YES;
				CLANG_WARN_OBJC_ROOT_CLASS = YES_ERROR;
				CLANG_WARN_RANGE_LOOP_ANALYSIS = YES;
				CLANG_WARN_STRICT_PROTOTYPES = YES;
				CLANG_WARN_SUSPICIOUS_MOVE = YES;
				CLANG_WARN_UNGUARDED_AVAILABILITY = YES_AGGRESSIVE;
				CLANG_WARN_UNREACHABLE_CODE = YES;
				CLANG_WARN__DUPLICATE_METHOD_MATCH = YES;
				COPY_PHASE_STRIP = NO;
				DEBUG_INFORMATION_FORMAT = dwarf;
				ENABLE_STRICT_OBJC_MSGSEND = YES;
				ENABLE_TESTABILITY = YES;
				GCC_C_LANGUAGE_STANDARD = gnu11;
				GCC_DYNAMIC_NO_PIC = NO;
				GCC_NO_COMMON_BLOCKS = YES;
				GCC_OPTIMIZATION_LEVEL = 0;
				GCC_PREPROCESSOR_DEFINITIONS = (
					"DEBUG=1",
					"$(inherited)",
				);
				GCC_WARN_64_TO_32_BIT_CONVERSION = YES;
				GCC_WARN_ABOUT_RETURN_TYPE = YES_ERROR;
				GCC_WARN_UNDECLARED_SELECTOR = YES;
				GCC_WARN_UNINITIALIZED_AUTOS = YES_AGGRESSIVE;
				GCC_WARN_UNUSED_FUNCTION = YES;
				GCC_WARN_UNUSED_VARIABLE = YES;
				IPHONEOS_DEPLOYMENT_TARGET = 13.2;
				MTL_ENABLE_DEBUG_INFO = INCLUDE_SOURCE;
				MTL_FAST_MATH = YES;
				ONLY_ACTIVE_ARCH = YES;
				SDKROOT = iphoneos;
				SWIFT_ACTIVE_COMPILATION_CONDITIONS = DEBUG;
				SWIFT_OPTIMIZATION_LEVEL = "-Onone";
			};
			name = Debug;
		};
		D467C16124431A5C00F0985A /* Release */ = {
			isa = XCBuildConfiguration;
			buildSettings = {
				ALWAYS_SEARCH_USER_PATHS = NO;
				CLANG_ANALYZER_NONNULL = YES;
				CLANG_ANALYZER_NUMBER_OBJECT_CONVERSION = YES_AGGRESSIVE;
				CLANG_CXX_LANGUAGE_STANDARD = "gnu++14";
				CLANG_CXX_LIBRARY = "libc++";
				CLANG_ENABLE_MODULES = YES;
				CLANG_ENABLE_OBJC_ARC = YES;
				CLANG_ENABLE_OBJC_WEAK = YES;
				CLANG_WARN_BLOCK_CAPTURE_AUTORELEASING = YES;
				CLANG_WARN_BOOL_CONVERSION = YES;
				CLANG_WARN_COMMA = YES;
				CLANG_WARN_CONSTANT_CONVERSION = YES;
				CLANG_WARN_DEPRECATED_OBJC_IMPLEMENTATIONS = YES;
				CLANG_WARN_DIRECT_OBJC_ISA_USAGE = YES_ERROR;
				CLANG_WARN_DOCUMENTATION_COMMENTS = YES;
				CLANG_WARN_EMPTY_BODY = YES;
				CLANG_WARN_ENUM_CONVERSION = YES;
				CLANG_WARN_INFINITE_RECURSION = YES;
				CLANG_WARN_INT_CONVERSION = YES;
				CLANG_WARN_NON_LITERAL_NULL_CONVERSION = YES;
				CLANG_WARN_OBJC_IMPLICIT_RETAIN_SELF = YES;
				CLANG_WARN_OBJC_LITERAL_CONVERSION = YES;
				CLANG_WARN_OBJC_ROOT_CLASS = YES_ERROR;
				CLANG_WARN_RANGE_LOOP_ANALYSIS = YES;
				CLANG_WARN_STRICT_PROTOTYPES = YES;
				CLANG_WARN_SUSPICIOUS_MOVE = YES;
				CLANG_WARN_UNGUARDED_AVAILABILITY = YES_AGGRESSIVE;
				CLANG_WARN_UNREACHABLE_CODE = YES;
				CLANG_WARN__DUPLICATE_METHOD_MATCH = YES;
				COPY_PHASE_STRIP = NO;
				DEBUG_INFORMATION_FORMAT = "dwarf-with-dsym";
				ENABLE_NS_ASSERTIONS = NO;
				ENABLE_STRICT_OBJC_MSGSEND = YES;
				GCC_C_LANGUAGE_STANDARD = gnu11;
				GCC_NO_COMMON_BLOCKS = YES;
				GCC_WARN_64_TO_32_BIT_CONVERSION = YES;
				GCC_WARN_ABOUT_RETURN_TYPE = YES_ERROR;
				GCC_WARN_UNDECLARED_SELECTOR = YES;
				GCC_WARN_UNINITIALIZED_AUTOS = YES_AGGRESSIVE;
				GCC_WARN_UNUSED_FUNCTION = YES;
				GCC_WARN_UNUSED_VARIABLE = YES;
				IPHONEOS_DEPLOYMENT_TARGET = 13.2;
				MTL_ENABLE_DEBUG_INFO = NO;
				MTL_FAST_MATH = YES;
				SDKROOT = iphoneos;
				SWIFT_COMPILATION_MODE = wholemodule;
				SWIFT_OPTIMIZATION_LEVEL = "-O";
				VALIDATE_PRODUCT = YES;
			};
			name = Release;
		};
		D467C16324431A5C00F0985A /* Debug */ = {
			isa = XCBuildConfiguration;
			buildSettings = {
				ASSETCATALOG_COMPILER_APPICON_NAME = AppIcon;
				CODE_SIGN_STYLE = Automatic;
				DEVELOPMENT_ASSET_PATHS = "\"LandMark/Preview Content\"";
				DEVELOPMENT_TEAM = 99F6V6VQPQ;
				ENABLE_PREVIEWS = YES;
				INFOPLIST_FILE = LandMark/Info.plist;
				LD_RUNPATH_SEARCH_PATHS = (
					"$(inherited)",
					"@executable_path/Frameworks",
				);
				PRODUCT_BUNDLE_IDENTIFIER = TheInfinity.LandMark;
				PRODUCT_NAME = "$(TARGET_NAME)";
				SWIFT_VERSION = 5.0;
				TARGETED_DEVICE_FAMILY = "1,2";
			};
			name = Debug;
		};
		D467C16424431A5C00F0985A /* Release */ = {
			isa = XCBuildConfiguration;
			buildSettings = {
				ASSETCATALOG_COMPILER_APPICON_NAME = AppIcon;
				CODE_SIGN_STYLE = Automatic;
				DEVELOPMENT_ASSET_PATHS = "\"LandMark/Preview Content\"";
				DEVELOPMENT_TEAM = 99F6V6VQPQ;
				ENABLE_PREVIEWS = YES;
				INFOPLIST_FILE = LandMark/Info.plist;
				LD_RUNPATH_SEARCH_PATHS = (
					"$(inherited)",
					"@executable_path/Frameworks",
				);
				PRODUCT_BUNDLE_IDENTIFIER = TheInfinity.LandMark;
				PRODUCT_NAME = "$(TARGET_NAME)";
				SWIFT_VERSION = 5.0;
				TARGETED_DEVICE_FAMILY = "1,2";
			};
			name = Release;
		};
/* End XCBuildConfiguration section */

/* Begin XCConfigurationList section */
		D467C14924431A5A00F0985A /* Build configuration list for PBXProject "LandMark" */ = {
			isa = XCConfigurationList;
			buildConfigurations = (
				D467C16024431A5C00F0985A /* Debug */,
				D467C16124431A5C00F0985A /* Release */,
			);
			defaultConfigurationIsVisible = 0;
			defaultConfigurationName = Release;
		};
		D467C16224431A5C00F0985A /* Build configuration list for PBXNativeTarget "LandMark" */ = {
			isa = XCConfigurationList;
			buildConfigurations = (
				D467C16324431A5C00F0985A /* Debug */,
				D467C16424431A5C00F0985A /* Release */,
			);
			defaultConfigurationIsVisible = 0;
			defaultConfigurationName = Release;
		};
/* End XCConfigurationList section */
	};
	rootObject = D467C14624431A5A00F0985A /* Project object */;
}
